
Microsoft Visual Studio Solution File, Format Version 12.00
# Visual Studio 15
VisualStudioVersion = 15.0.27130.0
MinimumVisualStudioVersion = 10.0.40219.1
Project("{FAE04EC0-301F-11D3-BF4B-00C04F79EFBC}") = "VersioningConsoleApp", "ConsoleApp1\VersioningConsoleApp.csproj", "{86968A21-C568-4A82-85AC-84FC65AB9082}"
EndProject
Global
	GlobalSection(SolutionConfigurationPlatforms) = preSolution
		Debug|Any CPU = Debug|Any CPU
		Release|Any CPU = Release|Any CPU
	EndGlobalSection
	GlobalSection(ProjectConfigurationPlatforms) = postSolution
		{86968A21-C568-4A82-85AC-84FC65AB9082}.Debug|Any CPU.ActiveCfg = Debug|Any CPU
		{86968A21-C568-4A82-85AC-84FC65AB9082}.Debug|Any CPU.Build.0 = Debug|Any CPU
		{86968A21-C568-4A82-85AC-84FC65AB9082}.Release|Any CPU.ActiveCfg = Release|Any CPU
		{86968A21-C568-4A82-85AC-84FC65AB9082}.Release|Any CPU.Build.0 = Release|Any CPU
	EndGlobalSection
	GlobalSection(SolutionProperties) = preSolution
		HideSolutionNode = FALSE
	EndGlobalSection
	GlobalSection(ExtensibilityGlobals) = postSolution
		SolutionGuid = {BE08AFB5-EEB7-4BEB-8233-83AB8C44F0CC}
	EndGlobalSection
EndGlobal
